
Microsoft Visual Studio Solution File, Format Version 11.00
# Visual Studio 2010
Project("{FAE04EC0-301F-11D3-BF4B-00C04F79EFBC}") = "CS", "CS\CS.csproj", "{2CFC3CA6-B2A4-45FC-B179-E359B3714B01}"
EndProject
Project("{F184B08F-C81C-45F6-A57F-5ABD9991F28F}") = "VB", "VB\VB.vbproj", "{0D771592-4966-49B2-8222-22F5A0BA8ABD}"
EndProject
Global
	GlobalSection(SolutionConfigurationPlatforms) = preSolution
		Debug|x86 = Debug|x86
		Release|x86 = Release|x86
	EndGlobalSection
	GlobalSection(ProjectConfigurationPlatforms) = postSolution
		{2CFC3CA6-B2A4-45FC-B179-E359B3714B01}.Debug|x86.ActiveCfg = Debug|x86
		{2CFC3CA6-B2A4-45FC-B179-E359B3714B01}.Debug|x86.Build.0 = Debug|x86
		{2CFC3CA6-B2A4-45FC-B179-E359B3714B01}.Release|x86.ActiveCfg = Release|x86
		{2CFC3CA6-B2A4-45FC-B179-E359B3714B01}.Release|x86.Build.0 = Release|x86
		{0D771592-4966-49B2-8222-22F5A0BA8ABD}.Debug|x86.ActiveCfg = Debug|x86
		{0D771592-4966-49B2-8222-22F5A0BA8ABD}.Debug|x86.Build.0 = Debug|x86
		{0D771592-4966-49B2-8222-22F5A0BA8ABD}.Release|x86.ActiveCfg = Release|x86
		{0D771592-4966-49B2-8222-22F5A0BA8ABD}.Release|x86.Build.0 = Release|x86
	EndGlobalSection
	GlobalSection(SolutionProperties) = preSolution
		HideSolutionNode = FALSE
	EndGlobalSection
EndGlobal
