
Microsoft Visual Studio Solution File, Format Version 10.00
# Visual Studio 2008
Project("{E24C65DC-7377-472B-9ABA-BC803B73C61A}") = "thanhlien", ".", "{5DB0ADA6-42DB-4598-9709-2CDD24617E41}"
	ProjectSection(WebsiteProperties) = preProject
		TargetFramework = "2.0"
		Debug.AspNetCompiler.VirtualPath = "/thanhlien"
		Debug.AspNetCompiler.PhysicalPath = "..\thanhlien\"
		Debug.AspNetCompiler.TargetPath = "PrecompiledWeb\thanhlien\"
		Debug.AspNetCompiler.Updateable = "true"
		Debug.AspNetCompiler.ForceOverwrite = "true"
		Debug.AspNetCompiler.FixedNames = "false"
		Debug.AspNetCompiler.Debug = "True"
		Release.AspNetCompiler.VirtualPath = "/thanhlien"
		Release.AspNetCompiler.PhysicalPath = "..\thanhlien\"
		Release.AspNetCompiler.TargetPath = "PrecompiledWeb\thanhlien\"
		Release.AspNetCompiler.Updateable = "true"
		Release.AspNetCompiler.ForceOverwrite = "true"
		Release.AspNetCompiler.FixedNames = "false"
		Release.AspNetCompiler.Debug = "False"
		VWDPort = "2126"
	EndProjectSection
EndProject
Global
	GlobalSection(SolutionConfigurationPlatforms) = preSolution
		Debug|Any CPU = Debug|Any CPU
	EndGlobalSection
	GlobalSection(ProjectConfigurationPlatforms) = postSolution
		{5DB0ADA6-42DB-4598-9709-2CDD24617E41}.Debug|Any CPU.ActiveCfg = Debug|Any CPU
		{5DB0ADA6-42DB-4598-9709-2CDD24617E41}.Debug|Any CPU.Build.0 = Debug|Any CPU
	EndGlobalSection
	GlobalSection(SolutionProperties) = preSolution
		HideSolutionNode = FALSE
	EndGlobalSection
EndGlobal
