
Microsoft Visual Studio Solution File, Format Version 10.00
# Visual Studio 2008
Project("{FAE04EC0-301F-11D3-BF4B-00C04F79EFBC}") = "CS", "CS\CS.csproj", "{89558AC9-122A-4B60-A46A-1DE77F11BC80}"
EndProject
Project("{F184B08F-C81C-45F6-A57F-5ABD9991F28F}") = "VB", "VB\VB.vbproj", "{2552AD3F-7186-410B-BE29-F960E4205233}"
EndProject
Global
	GlobalSection(SolutionConfigurationPlatforms) = preSolution
		Debug|Any CPU = Debug|Any CPU
		Release|Any CPU = Release|Any CPU
	EndGlobalSection
	GlobalSection(ProjectConfigurationPlatforms) = postSolution
		{89558AC9-122A-4B60-A46A-1DE77F11BC80}.Debug|Any CPU.ActiveCfg = Debug|Any CPU
		{89558AC9-122A-4B60-A46A-1DE77F11BC80}.Debug|Any CPU.Build.0 = Debug|Any CPU
		{89558AC9-122A-4B60-A46A-1DE77F11BC80}.Release|Any CPU.ActiveCfg = Release|Any CPU
		{89558AC9-122A-4B60-A46A-1DE77F11BC80}.Release|Any CPU.Build.0 = Release|Any CPU
		{2552AD3F-7186-410B-BE29-F960E4205233}.Debug|Any CPU.ActiveCfg = Debug|Any CPU
		{2552AD3F-7186-410B-BE29-F960E4205233}.Debug|Any CPU.Build.0 = Debug|Any CPU
		{2552AD3F-7186-410B-BE29-F960E4205233}.Release|Any CPU.ActiveCfg = Release|Any CPU
		{2552AD3F-7186-410B-BE29-F960E4205233}.Release|Any CPU.Build.0 = Release|Any CPU
	EndGlobalSection
	GlobalSection(SolutionProperties) = preSolution
		HideSolutionNode = FALSE
	EndGlobalSection
EndGlobal
